
Microsoft Visual Studio Solution File, Format Version 12.00
# Visual Studio Version 17
VisualStudioVersion = 17.9.34902.65
MinimumVisualStudioVersion = 10.0.40219.1
Project("{9A19103F-16F7-4668-BE54-9A1E7A4F7556}") = "Ris.ShaderToolkit", "ShaderToolkit\Ris.ShaderToolkit.csproj", "{C8B6B558-5436-47F2-8D5C-3F08460E3A24}"
EndProject
Project("{9A19103F-16F7-4668-BE54-9A1E7A4F7556}") = "ShaderToolkit.Tests", "ShaderToolkit.Tests\ShaderToolkit.Tests.csproj", "{D6CB9272-D8ED-433A-9357-68AA522CADCC}"
EndProject
Project("{9A19103F-16F7-4668-BE54-9A1E7A4F7556}") = "ShaderToolkit.UI", "ShaderToolkit.UI\ShaderToolkit.UI.csproj", "{1A0D5B68-DCDF-4830-8544-2AE03B7D8D75}"
EndProject
Project("{9A19103F-16F7-4668-BE54-9A1E7A4F7556}") = "ShaderToolkit.UI.Desktop", "ShaderToolkit.UI.Desktop\ShaderToolkit.UI.Desktop.csproj", "{B59E5F11-BC44-487F-BCB5-93314B1FEDD4}"
EndProject
Global
	GlobalSection(SolutionConfigurationPlatforms) = preSolution
		Debug|Any CPU = Debug|Any CPU
		Release|Any CPU = Release|Any CPU
	EndGlobalSection
	GlobalSection(ProjectConfigurationPlatforms) = postSolution
		{C8B6B558-5436-47F2-8D5C-3F08460E3A24}.Debug|Any CPU.ActiveCfg = Debug|Any CPU
		{C8B6B558-5436-47F2-8D5C-3F08460E3A24}.Debug|Any CPU.Build.0 = Debug|Any CPU
		{C8B6B558-5436-47F2-8D5C-3F08460E3A24}.Release|Any CPU.ActiveCfg = Release|Any CPU
		{C8B6B558-5436-47F2-8D5C-3F08460E3A24}.Release|Any CPU.Build.0 = Release|Any CPU
		{D6CB9272-D8ED-433A-9357-68AA522CADCC}.Debug|Any CPU.ActiveCfg = Debug|Any CPU
		{D6CB9272-D8ED-433A-9357-68AA522CADCC}.Debug|Any CPU.Build.0 = Debug|Any CPU
		{D6CB9272-D8ED-433A-9357-68AA522CADCC}.Release|Any CPU.ActiveCfg = Release|Any CPU
		{D6CB9272-D8ED-433A-9357-68AA522CADCC}.Release|Any CPU.Build.0 = Release|Any CPU
		{1A0D5B68-DCDF-4830-8544-2AE03B7D8D75}.Debug|Any CPU.ActiveCfg = Debug|Any CPU
		{1A0D5B68-DCDF-4830-8544-2AE03B7D8D75}.Debug|Any CPU.Build.0 = Debug|Any CPU
		{1A0D5B68-DCDF-4830-8544-2AE03B7D8D75}.Release|Any CPU.ActiveCfg = Release|Any CPU
		{1A0D5B68-DCDF-4830-8544-2AE03B7D8D75}.Release|Any CPU.Build.0 = Release|Any CPU
		{B59E5F11-BC44-487F-BCB5-93314B1FEDD4}.Debug|Any CPU.ActiveCfg = Debug|Any CPU
		{B59E5F11-BC44-487F-BCB5-93314B1FEDD4}.Debug|Any CPU.Build.0 = Debug|Any CPU
		{B59E5F11-BC44-487F-BCB5-93314B1FEDD4}.Release|Any CPU.ActiveCfg = Release|Any CPU
		{B59E5F11-BC44-487F-BCB5-93314B1FEDD4}.Release|Any CPU.Build.0 = Release|Any CPU
	EndGlobalSection
	GlobalSection(SolutionProperties) = preSolution
		HideSolutionNode = FALSE
	EndGlobalSection
	GlobalSection(ExtensibilityGlobals) = postSolution
		SolutionGuid = {39CE84A7-F362-4E04-82F9-936F6BA30928}
	EndGlobalSection
EndGlobal
